
Microsoft Visual Studio Solution File, Format Version 12.00
# Visual Studio Version 17
VisualStudioVersion = 17.12.35506.116
MinimumVisualStudioVersion = 10.0.40219.1
Project("{2150E333-8FDC-42A3-9474-1A3956D46DE8}") = "src", "src", "{74FC5152-4CAE-4B2D-9BD3-B29AB6E87706}"
EndProject
Project("{FAE04EC0-301F-11D3-BF4B-00C04F79EFBC}") = "Core", "src\Core\Core.csproj", "{4FC6BED9-4CB0-422C-BEFB-5A69DABBADFD}"
EndProject
Project("{FAE04EC0-301F-11D3-BF4B-00C04F79EFBC}") = "Infrastructure", "src\Infrastructer\Infrastructure.csproj", "{56F453C3-14B5-4109-B513-0237F3F2B3BD}"
EndProject
Project("{FAE04EC0-301F-11D3-BF4B-00C04F79EFBC}") = "WebUI", "src\WebUI\WebUI.csproj", "{41C833E1-A832-4E11-A336-0A9B9744860F}"
EndProject
Project("{9A19103F-16F7-4668-BE54-9A1E7A4F7556}") = "Integration", "Integration\Integration.csproj", "{0BBA4122-3D0E-4B93-98E4-CB08E74EF1FC}"
EndProject
Project("{2150E333-8FDC-42A3-9474-1A3956D46DE8}") = "tests", "tests", "{C0EAD9E7-14EC-414C-9D12-82DD26EDFDAB}"
EndProject
Global
	GlobalSection(SolutionConfigurationPlatforms) = preSolution
		Debug|Any CPU = Debug|Any CPU
		Release|Any CPU = Release|Any CPU
	EndGlobalSection
	GlobalSection(ProjectConfigurationPlatforms) = postSolution
		{4FC6BED9-4CB0-422C-BEFB-5A69DABBADFD}.Debug|Any CPU.ActiveCfg = Debug|Any CPU
		{4FC6BED9-4CB0-422C-BEFB-5A69DABBADFD}.Debug|Any CPU.Build.0 = Debug|Any CPU
		{4FC6BED9-4CB0-422C-BEFB-5A69DABBADFD}.Release|Any CPU.ActiveCfg = Release|Any CPU
		{4FC6BED9-4CB0-422C-BEFB-5A69DABBADFD}.Release|Any CPU.Build.0 = Release|Any CPU
		{56F453C3-14B5-4109-B513-0237F3F2B3BD}.Debug|Any CPU.ActiveCfg = Debug|Any CPU
		{56F453C3-14B5-4109-B513-0237F3F2B3BD}.Debug|Any CPU.Build.0 = Debug|Any CPU
		{56F453C3-14B5-4109-B513-0237F3F2B3BD}.Release|Any CPU.ActiveCfg = Release|Any CPU
		{56F453C3-14B5-4109-B513-0237F3F2B3BD}.Release|Any CPU.Build.0 = Release|Any CPU
		{41C833E1-A832-4E11-A336-0A9B9744860F}.Debug|Any CPU.ActiveCfg = Debug|Any CPU
		{41C833E1-A832-4E11-A336-0A9B9744860F}.Debug|Any CPU.Build.0 = Debug|Any CPU
		{41C833E1-A832-4E11-A336-0A9B9744860F}.Release|Any CPU.ActiveCfg = Release|Any CPU
		{41C833E1-A832-4E11-A336-0A9B9744860F}.Release|Any CPU.Build.0 = Release|Any CPU
		{0BBA4122-3D0E-4B93-98E4-CB08E74EF1FC}.Debug|Any CPU.ActiveCfg = Debug|Any CPU
		{0BBA4122-3D0E-4B93-98E4-CB08E74EF1FC}.Debug|Any CPU.Build.0 = Debug|Any CPU
		{0BBA4122-3D0E-4B93-98E4-CB08E74EF1FC}.Release|Any CPU.ActiveCfg = Release|Any CPU
		{0BBA4122-3D0E-4B93-98E4-CB08E74EF1FC}.Release|Any CPU.Build.0 = Release|Any CPU
	EndGlobalSection
	GlobalSection(SolutionProperties) = preSolution
		HideSolutionNode = FALSE
	EndGlobalSection
	GlobalSection(NestedProjects) = preSolution
		{4FC6BED9-4CB0-422C-BEFB-5A69DABBADFD} = {74FC5152-4CAE-4B2D-9BD3-B29AB6E87706}
		{56F453C3-14B5-4109-B513-0237F3F2B3BD} = {74FC5152-4CAE-4B2D-9BD3-B29AB6E87706}
		{41C833E1-A832-4E11-A336-0A9B9744860F} = {74FC5152-4CAE-4B2D-9BD3-B29AB6E87706}
		{0BBA4122-3D0E-4B93-98E4-CB08E74EF1FC} = {C0EAD9E7-14EC-414C-9D12-82DD26EDFDAB}
	EndGlobalSection
EndGlobal
