
Microsoft Visual Studio Solution File, Format Version 12.00
# Visual Studio Version 17
VisualStudioVersion = 17.5.002.0
MinimumVisualStudioVersion = 10.0.40219.1
Project("{9A19103F-16F7-4668-BE54-9A1E7A4F7556}") = "Core", "Core\Core.csproj", "{56FD668F-8074-44EA-8A40-53BCBA3604DC}"
EndProject
Project("{9A19103F-16F7-4668-BE54-9A1E7A4F7556}") = "Infrastructure", "Infrastructure\Infrastructure.csproj", "{B36ABC0C-24A7-4BC0-94E5-7899145A4F5A}"
EndProject
Project("{9A19103F-16F7-4668-BE54-9A1E7A4F7556}") = "WebUI", "WebUI\WebUI.csproj", "{C4DDF2DA-8CE2-4438-8FEE-7E11FB951DAE}"
EndProject
Global
	GlobalSection(SolutionConfigurationPlatforms) = preSolution
		Debug|Any CPU = Debug|Any CPU
		Release|Any CPU = Release|Any CPU
	EndGlobalSection
	GlobalSection(ProjectConfigurationPlatforms) = postSolution
		{56FD668F-8074-44EA-8A40-53BCBA3604DC}.Debug|Any CPU.ActiveCfg = Debug|Any CPU
		{56FD668F-8074-44EA-8A40-53BCBA3604DC}.Debug|Any CPU.Build.0 = Debug|Any CPU
		{56FD668F-8074-44EA-8A40-53BCBA3604DC}.Release|Any CPU.ActiveCfg = Release|Any CPU
		{56FD668F-8074-44EA-8A40-53BCBA3604DC}.Release|Any CPU.Build.0 = Release|Any CPU
		{B36ABC0C-24A7-4BC0-94E5-7899145A4F5A}.Debug|Any CPU.ActiveCfg = Debug|Any CPU
		{B36ABC0C-24A7-4BC0-94E5-7899145A4F5A}.Debug|Any CPU.Build.0 = Debug|Any CPU
		{B36ABC0C-24A7-4BC0-94E5-7899145A4F5A}.Release|Any CPU.ActiveCfg = Release|Any CPU
		{B36ABC0C-24A7-4BC0-94E5-7899145A4F5A}.Release|Any CPU.Build.0 = Release|Any CPU
		{C4DDF2DA-8CE2-4438-8FEE-7E11FB951DAE}.Debug|Any CPU.ActiveCfg = Debug|Any CPU
		{C4DDF2DA-8CE2-4438-8FEE-7E11FB951DAE}.Debug|Any CPU.Build.0 = Debug|Any CPU
		{C4DDF2DA-8CE2-4438-8FEE-7E11FB951DAE}.Release|Any CPU.ActiveCfg = Release|Any CPU
		{C4DDF2DA-8CE2-4438-8FEE-7E11FB951DAE}.Release|Any CPU.Build.0 = Release|Any CPU
	EndGlobalSection
	GlobalSection(SolutionProperties) = preSolution
		HideSolutionNode = FALSE
	EndGlobalSection
	GlobalSection(ExtensibilityGlobals) = postSolution
		SolutionGuid = {25B21FFA-50A0-43B3-856E-A5EEDD589EE4}
	EndGlobalSection
EndGlobal
